<?xml version="1.0" encoding="utf-8"?>
<Project ToolsVersion="4.0" xmlns="http://schemas.microsoft.com/developer/msbuild/2003">
  <ItemGroup>
    <Filter Include="Source Files">
      <UniqueIdentifier>{4FC737F1-C7A5-4376-A066-2A32D752A2FF}</UniqueIdentifier>
      <Extensions>qml;cpp;c;cc;cxx;def;odl;idl;hpj;bat;asm;asmx</Extensions>
    </Filter>
    <Filter Include="Header Files">
      <UniqueIdentifier>{93995380-89BD-4b04-88EB-625FBE52EBFB}</UniqueIdentifier>
      <Extensions>h;hh;hpp;hxx;hm;inl;inc;xsd</Extensions>
    </Filter>
    <Filter Include="Resource Files">
      <UniqueIdentifier>{67DA6AB6-F800-4c08-8B7A-83BB121AAD01}</UniqueIdentifier>
      <Extensions>qrc;rc;ico;cur;bmp;dlg;rc2;rct;bin;rgs;gif;jpg;jpeg;jpe;resx;tiff;tif;png;wav;mfcribbon-ms</Extensions>
    </Filter>
    <Filter Include="Form Files">
      <UniqueIdentifier>{99349809-55BA-4b9d-BF79-8FDBB0286EB3}</UniqueIdentifier>
      <Extensions>ui</Extensions>
    </Filter>
    <Filter Include="Translation Files">
      <UniqueIdentifier>{639EADAA-A684-42e4-A9AD-28FC9BCB8F7C}</UniqueIdentifier>
      <Extensions>ts</Extensions>
    </Filter>
    <Filter Include="Source Files\Util">
      <UniqueIdentifier>{190d9816-b877-48a5-840e-933f47dd709e}</UniqueIdentifier>
    </Filter>
    <Filter Include="Header Files\Exception">
      <UniqueIdentifier>{4e95cdac-6f4a-4b15-8723-04ed000b5425}</UniqueIdentifier>
    </Filter>
    <Filter Include="Header Files\Util">
      <UniqueIdentifier>{bed57bfc-29fd-40e5-ae60-2ea994801e03}</UniqueIdentifier>
    </Filter>
    <Filter Include="Resource Files\img">
      <UniqueIdentifier>{93505e64-0e3d-45e0-9d2d-6c5c2c8a645a}</UniqueIdentifier>
    </Filter>
    <Filter Include="Source Files\UI">
      <UniqueIdentifier>{876bd585-795f-4b1f-9cfe-cda5fca5c4c8}</UniqueIdentifier>
    </Filter>
    <Filter Include="Header Files\UI">
      <UniqueIdentifier>{242c5c80-c8bc-43f1-adb5-972cd7b5af29}</UniqueIdentifier>
    </Filter>
    <Filter Include="Source Files\UI\Board">
      <UniqueIdentifier>{030b5c4d-0d0d-4234-8984-d840dd2d9820}</UniqueIdentifier>
    </Filter>
    <Filter Include="Header Files\UI\Board">
      <UniqueIdentifier>{a648864c-ff2b-4794-9f39-5e2e8599283a}</UniqueIdentifier>
    </Filter>
    <Filter Include="Source Files\UI\Player">
      <UniqueIdentifier>{6cc92698-6cbe-469f-a312-d6cfccbc2f7e}</UniqueIdentifier>
    </Filter>
    <Filter Include="Header Files\UI\Player">
      <UniqueIdentifier>{cd3a9aaf-de04-419d-b5d5-63960ed972ce}</UniqueIdentifier>
    </Filter>
    <Filter Include="Resource Files\img\Card">
      <UniqueIdentifier>{b8768f63-269e-4dcc-b47f-69bf68989ccf}</UniqueIdentifier>
    <Filter Include="Source Files\CardEffects">
      <UniqueIdentifier>{26470e97-c0c4-4336-aba7-9c8e052b774e}</UniqueIdentifier>
    </Filter>
    <Filter Include="Header Files\CardEffects">
      <UniqueIdentifier>{fbe71395-51b6-41d1-a0c4-2ecc375d3b13}</UniqueIdentifier>
    </Filter>
  </ItemGroup>
  <ItemGroup>
    <QtRcc Include="SplendorDuel.qrc">
      <Filter>Resource Files</Filter>
    </QtRcc>
    <QtUic Include="SplendorDuel.ui">
      <Filter>Form Files</Filter>
    </QtUic>
  </ItemGroup>
  <ItemGroup>
    <ClInclude Include="Bag.h">
      <Filter>Header Files</Filter>
    </ClInclude>
    <ClInclude Include="MyException.h">
      <Filter>Header Files\Exception</Filter>
    </ClInclude>
    <ClInclude Include="PrivilegeHandler.h">
      <Filter>Header Files</Filter>
    </ClInclude>
    <ClInclude Include="GameHandler.h">
      <Filter>Header Files</Filter>
    </ClInclude>
    <ClInclude Include="GameFactory.h">
      <Filter>Header Files</Filter>
    </ClInclude>
    <ClInclude Include="DrawPile.h">
      <Filter>Header Files</Filter>
    </ClInclude>
    <ClInclude Include="Card.h">
      <Filter>Header Files</Filter>
    </ClInclude>
    <ClInclude Include="Board.h">
      <Filter>Header Files</Filter>
    </ClInclude>
    <ClInclude Include="Gemmes.h">
      <Filter>Header Files</Filter>
    </ClInclude>
    <ClInclude Include="Action.h">
      <Filter>Header Files</Filter>
    </ClInclude>
    <ClInclude Include="Image.h">
      <Filter>Header Files\Util</Filter>
    </ClInclude>
    <ClInclude Include="Rules.h">
      <Filter>Header Files\Util</Filter>
    </ClInclude>
    <ClInclude Include="GemmesContainerGUI.h">
      <Filter>Header Files\UI</Filter>
    </ClInclude>
    <ClInclude Include="Player.h">
      <Filter>Header Files</Filter>
    </ClInclude>
    <ClInclude Include="BoardCard.h">
      <Filter>Header Files\UI\Board</Filter>
    </ClInclude>
    <ClInclude Include="Player.h">
      <Filter>Header Files</Filter>
    </ClInclude>
    <ClInclude Include="CardEffect.h">
      <Filter>Header Files\CardEffects</Filter>
    </ClInclude>
    <ClInclude Include="CardEffectPlayAgain.h">
      <Filter>Header Files\CardEffects</Filter>
    </ClInclude>
    <ClInclude Include="CardEffectTakePrivilege.h">
      <Filter>Header Files\CardEffects</Filter>
    </ClInclude>
  </ItemGroup>
  <ItemGroup>
    <ClCompile Include="GameHandler.cpp">
      <Filter>Source Files</Filter>
    </ClCompile>
    <ClCompile Include="GameFactory.cpp">
      <Filter>Source Files</Filter>
    </ClCompile>
    <ClCompile Include="DrawPile.cpp">
      <Filter>Source Files</Filter>
    </ClCompile>
    <ClCompile Include="Card.cpp">
      <Filter>Source Files</Filter>
    </ClCompile>
    <ClCompile Include="Board.cpp">
      <Filter>Source Files</Filter>
    </ClCompile>
    <ClCompile Include="main.cpp">
      <Filter>Source Files</Filter>
    </ClCompile>
    <ClCompile Include="Bag.cpp">
      <Filter>Source Files</Filter>
    </ClCompile>
    <ClCompile Include="PrivilegeHandler.cpp">
      <Filter>Source Files</Filter>
    </ClCompile>
    <ClCompile Include="Gemmes.cpp">
      <Filter>Source Files</Filter>
    </ClCompile>
    <ClCompile Include="GemmesUI.cpp">
      <Filter>Source Files\UI</Filter>
    </ClCompile>
    <ClCompile Include="Image.cpp">
      <Filter>Source Files\Util</Filter>
    </ClCompile>
    <ClCompile Include="Rules.cpp">
      <Filter>Source Files\Util</Filter>
    </ClCompile>
    <ClCompile Include="SplendorDuel.cpp">
      <Filter>Source Files\UI</Filter>
    </ClCompile>
    <ClCompile Include="BoardUI.cpp">
      <Filter>Source Files\UI\Board</Filter>
    </ClCompile>
    <ClCompile Include="CompleteBoardUI.cpp">
      <Filter>Source Files\UI\Board</Filter>
    </ClCompile>
    <ClCompile Include="RemplirBoardUI.cpp">
      <Filter>Source Files\UI\Board</Filter>
    </ClCompile>
    <ClCompile Include="PlayerGemsUI.cpp">
      <Filter>Source Files\UI\Player</Filter>
    </ClCompile>
    <ClCompile Include="CardUI.cpp">
      <Filter>Source Files</Filter>
    </ClCompile>
    <ClCompile Include="Player.cpp">
      <Filter>Source Files</Filter>
    </ClCompile>
    <ClCompile Include="BoardCard.cpp">
      <Filter>Source Files\UI\Board</Filter>
    </ClCompile>
    <ClCompile Include="PlayerCardUI.cpp">
      <Filter>Source Files\UI\Player</Filter>
    </ClCompile>
    <ClCompile Include="PlayerNameUI.cpp">
      <Filter>Source Files\UI\Player</Filter>
    </ClCompile>
    <ClCompile Include="PlayersUI.cpp">
      <Filter>Source Files\UI\Player</Filter>
    <ClCompile Include="CardEffect.cpp">
      <Filter>Source Files\CardEffects</Filter>
    </ClCompile>
    <ClCompile Include="CardEffectPlayAgain.cpp">
      <Filter>Source Files\CardEffects</Filter>
    </ClCompile>
    <ClCompile Include="CardEffectTakePrivilege.cpp">
      <Filter>Source Files\CardEffects</Filter>
    </ClCompile>
  </ItemGroup>
  <ItemGroup>
    <Image Include="noir.png">
      <Filter>Resource Files\img</Filter>
    </Image>
    <Image Include="blanc.png">
      <Filter>Resource Files\img</Filter>
    </Image>
    <Image Include="vert.png">
      <Filter>Resource Files\img</Filter>
    </Image>
    <Image Include="bleu.png">
      <Filter>Resource Files\img</Filter>
    </Image>
    <Image Include="perle.png">
      <Filter>Resource Files\img</Filter>
    </Image>
    <Image Include="or.png">
      <Filter>Resource Files\img</Filter>
    </Image>
    <Image Include="rouge.png">
      <Filter>Resource Files\img</Filter>
    </Image>
    <Image Include="plateau.png">
      <Filter>Resource Files\img</Filter>
    </Image>
    <Image Include="actions.png">
      <Filter>Resource Files\img</Filter>
    </Image>
    <Image Include="remplir.png">
      <Filter>Resource Files\img</Filter>
    </Image>
    <Image Include="playergemmes.png">
      <Filter>Resource Files\img</Filter>
    </Image>
    <Image Include="..\..\..\..\..\Pictures\vert.jpg">
      <Filter>Resource Files\img</Filter>
    </Image>
    <Image Include="playerFond.png">
      <Filter>Resource Files\img</Filter>
    </Image>
    <Image Include="fond.png">
      <Filter>Resource Files\img</Filter>
    </Image>
    <Image Include="Card3.png">
      <Filter>Resource Files\img\Card</Filter>
    </Image>
    <Image Include="Card1.png">
      <Filter>Resource Files\img\Card</Filter>
    </Image>
    <Image Include="Card2.png">
      <Filter>Resource Files\img\Card</Filter>
    </Image>
  </ItemGroup>
  <ItemGroup>
    <ResourceCompile Include="SplendorDuel.rc">
      <Filter>Resource Files</Filter>
    </ResourceCompile>
  </ItemGroup>
  <ItemGroup>
    <QtMoc Include="GemmesUI.h">
      <Filter>Header Files\UI</Filter>
    </QtMoc>
    <QtMoc Include="SplendorDuel.h">
      <Filter>Header Files\UI</Filter>
    </QtMoc>
    <QtMoc Include="CompleteBoardUI.h">
      <Filter>Header Files\UI\Board</Filter>
    </QtMoc>
    <QtMoc Include="RemplirBoardUI.h">
      <Filter>Header Files\UI\Board</Filter>
    </QtMoc>
    <QtMoc Include="BoardUI.h">
      <Filter>Header Files\UI\Board</Filter>
    </QtMoc>
    <QtMoc Include="PlayerGemsUI.h">
      <Filter>Header Files\UI\Player</Filter>
    </QtMoc>
    <QtMoc Include="CardUI.h">
      <Filter>Header Files</Filter>
    </QtMoc>
    <QtMoc Include="PlayersUI.h">
      <Filter>Header Files\UI\Player</Filter>
    </QtMoc>
    <QtMoc Include="PlayerNameUI.h">
      <Filter>Header Files\UI\Player</Filter>
    </QtMoc>
    <QtMoc Include="PlayerCardUI.h">
      <Filter>Header Files\UI\Player</Filter>
    </QtMoc>
  </ItemGroup>
</Project>